// !$*UTF8*$!
{
	archiveVersion = 1;
	classes = {
	};
	objectVersion = 50;
	objects = {

/* Begin PBXBuildFile section */
		646E6C31234D6809001C9218 /* AppDelegate.swift in Sources */ = {isa = PBXBuildFile; fileRef = 646E6C30234D6809001C9218 /* AppDelegate.swift */; };
		646E6C33234D6809001C9218 /* SceneDelegate.swift in Sources */ = {isa = PBXBuildFile; fileRef = 646E6C32234D6809001C9218 /* SceneDelegate.swift */; };
		646E6C35234D6809001C9218 /* ViewController.swift in Sources */ = {isa = PBXBuildFile; fileRef = 646E6C34234D6809001C9218 /* ViewController.swift */; };
		646E6C38234D6809001C9218 /* Main.storyboard in Resources */ = {isa = PBXBuildFile; fileRef = 646E6C36234D6809001C9218 /* Main.storyboard */; };
		646E6C3A234D680A001C9218 /* Assets.xcassets in Resources */ = {isa = PBXBuildFile; fileRef = 646E6C39234D680A001C9218 /* Assets.xcassets */; };
		646E6C3D234D680A001C9218 /* LaunchScreen.storyboard in Resources */ = {isa = PBXBuildFile; fileRef = 646E6C3B234D680A001C9218 /* LaunchScreen.storyboard */; };
		646E6C48234D680A001C9218 /* TippyTests.swift in Sources */ = {isa = PBXBuildFile; fileRef = 646E6C47234D680A001C9218 /* TippyTests.swift */; };
		646E6C53234D680B001C9218 /* TippyUITests.swift in Sources */ = {isa = PBXBuildFile; fileRef = 646E6C52234D680B001C9218 /* TippyUITests.swift */; };
/* End PBXBuildFile section */

/* Begin PBXContainerItemProxy section */
		646E6C44234D680A001C9218 /* PBXContainerItemProxy */ = {
			isa = PBXContainerItemProxy;
			containerPortal = 646E6C25234D6809001C9218 /* Project object */;
			proxyType = 1;
			remoteGlobalIDString = 646E6C2C234D6809001C9218;
			remoteInfo = Tippy;
		};
		646E6C4F234D680A001C9218 /* PBXContainerItemProxy */ = {
			isa = PBXContainerItemProxy;
			containerPortal = 646E6C25234D6809001C9218 /* Project object */;
			proxyType = 1;
			remoteGlobalIDString = 646E6C2C234D6809001C9218;
			remoteInfo = Tippy;
		};
/* End PBXContainerItemProxy section */

/* Begin PBXFileReference section */
		646E6C2D234D6809001C9218 /* Tippy.app */ = {isa = PBXFileReference; explicitFileType = wrapper.application; includeInIndex = 0; path = Tippy.app; sourceTree = BUILT_PRODUCTS_DIR; };
		646E6C30234D6809001C9218 /* AppDelegate.swift */ = {isa = PBXFileReference; lastKnownFileType = sourcecode.swift; path = AppDelegate.swift; sourceTree = "<group>"; };
		646E6C32234D6809001C9218 /* SceneDelegate.swift */ = {isa = PBXFileReference; lastKnownFileType = sourcecode.swift; path = SceneDelegate.swift; sourceTree = "<group>"; };
		646E6C34234D6809001C9218 /* ViewController.swift */ = {isa = PBXFileReference; lastKnownFileType = sourcecode.swift; path = ViewController.swift; sourceTree = "<group>"; };
		646E6C37234D6809001C9218 /* Base */ = {isa = PBXFileReference; lastKnownFileType = file.storyboard; name = Base; path = Base.lproj/Main.storyboard; sourceTree = "<group>"; };
		646E6C39234D680A001C9218 /* Assets.xcassets */ = {isa = PBXFileReference; lastKnownFileType = folder.assetcatalog; path = Assets.xcassets; sourceTree = "<group>"; };
		646E6C3C234D680A001C9218 /* Base */ = {isa = PBXFileReference; lastKnownFileType = file.storyboard; name = Base; path = Base.lproj/LaunchScreen.storyboard; sourceTree = "<group>"; };
		646E6C3E234D680A001C9218 /* Info.plist */ = {isa = PBXFileReference; lastKnownFileType = text.plist.xml; path = Info.plist; sourceTree = "<group>"; };
		646E6C43234D680A001C9218 /* TippyTests.xctest */ = {isa = PBXFileReference; explicitFileType = wrapper.cfbundle; includeInIndex = 0; path = TippyTests.xctest; sourceTree = BUILT_PRODUCTS_DIR; };
		646E6C47234D680A001C9218 /* TippyTests.swift */ = {isa = PBXFileReference; lastKnownFileType = sourcecode.swift; path = TippyTests.swift; sourceTree = "<group>"; };
		646E6C49234D680A001C9218 /* Info.plist */ = {isa = PBXFileReference; lastKnownFileType = text.plist.xml; path = Info.plist; sourceTree = "<group>"; };
		646E6C4E234D680A001C9218 /* TippyUITests.xctest */ = {isa = PBXFileReference; explicitFileType = wrapper.cfbundle; includeInIndex = 0; path = TippyUITests.xctest; sourceTree = BUILT_PRODUCTS_DIR; };
		646E6C52234D680B001C9218 /* TippyUITests.swift */ = {isa = PBXFileReference; lastKnownFileType = sourcecode.swift; path = TippyUITests.swift; sourceTree = "<group>"; };
		646E6C54234D680B001C9218 /* Info.plist */ = {isa = PBXFileReference; lastKnownFileType = text.plist.xml; path = Info.plist; sourceTree = "<group>"; };
/* End PBXFileReference section */

/* Begin PBXFrameworksBuildPhase section */
		646E6C2A234D6809001C9218 /* Frameworks */ = {
			isa = PBXFrameworksBuildPhase;
			buildActionMask = 2147483647;
			files = (
			);
			runOnlyForDeploymentPostprocessing = 0;
		};
		646E6C40234D680A001C9218 /* Frameworks */ = {
			isa = PBXFrameworksBuildPhase;
			buildActionMask = 2147483647;
			files = (
			);
			runOnlyForDeploymentPostprocessing = 0;
		};
		646E6C4B234D680A001C9218 /* Frameworks */ = {
			isa = PBXFrameworksBuildPhase;
			buildActionMask = 2147483647;
			files = (
			);
			runOnlyForDeploymentPostprocessing = 0;
		};
/* End PBXFrameworksBuildPhase section */

/* Begin PBXGroup section */
		646E6C24234D6809001C9218 = {
			isa = PBXGroup;
			children = (
				646E6C2F234D6809001C9218 /* Tippy */,
				646E6C46234D680A001C9218 /* TippyTests */,
				646E6C51234D680B001C9218 /* TippyUITests */,
				646E6C2E234D6809001C9218 /* Products */,
			);
			sourceTree = "<group>";
		};
		646E6C2E234D6809001C9218 /* Products */ = {
			isa = PBXGroup;
			children = (
				646E6C2D234D6809001C9218 /* Tippy.app */,
				646E6C43234D680A001C9218 /* TippyTests.xctest */,
				646E6C4E234D680A001C9218 /* TippyUITests.xctest */,
			);
			name = Products;
			sourceTree = "<group>";
		};
		646E6C2F234D6809001C9218 /* Tippy */ = {
			isa = PBXGroup;
			children = (
				646E6C30234D6809001C9218 /* AppDelegate.swift */,
				646E6C32234D6809001C9218 /* SceneDelegate.swift */,
				646E6C34234D6809001C9218 /* ViewController.swift */,
				646E6C36234D6809001C9218 /* Main.storyboard */,
				646E6C39234D680A001C9218 /* Assets.xcassets */,
				646E6C3B234D680A001C9218 /* LaunchScreen.storyboard */,
				646E6C3E234D680A001C9218 /* Info.plist */,
			);
			path = Tippy;
			sourceTree = "<group>";
		};
		646E6C46234D680A001C9218 /* TippyTests */ = {
			isa = PBXGroup;
			children = (
				646E6C47234D680A001C9218 /* TippyTests.swift */,
				646E6C49234D680A001C9218 /* Info.plist */,
			);
			path = TippyTests;
			sourceTree = "<group>";
		};
		646E6C51234D680B001C9218 /* TippyUITests */ = {
			isa = PBXGroup;
			children = (
				646E6C52234D680B001C9218 /* TippyUITests.swift */,
				646E6C54234D680B001C9218 /* Info.plist */,
			);
			path = TippyUITests;
			sourceTree = "<group>";
		};
/* End PBXGroup section */

/* Begin PBXNativeTarget section */
		646E6C2C234D6809001C9218 /* Tippy */ = {
			isa = PBXNativeTarget;
			buildConfigurationList = 646E6C57234D680B001C9218 /* Build configuration list for PBXNativeTarget "Tippy" */;
			buildPhases = (
				646E6C29234D6809001C9218 /* Sources */,
				646E6C2A234D6809001C9218 /* Frameworks */,
				646E6C2B234D6809001C9218 /* Resources */,
			);
			buildRules = (
			);
			dependencies = (
			);
			name = Tippy;
			productName = Tippy;
			productReference = 646E6C2D234D6809001C9218 /* Tippy.app */;
			productType = "com.apple.product-type.application";
		};
		646E6C42234D680A001C9218 /* TippyTests */ = {
			isa = PBXNativeTarget;
			buildConfigurationList = 646E6C5A234D680B001C9218 /* Build configuration list for PBXNativeTarget "TippyTests" */;
			buildPhases = (
				646E6C3F234D680A001C9218 /* Sources */,
				646E6C40234D680A001C9218 /* Frameworks */,
				646E6C41234D680A001C9218 /* Resources */,
			);
			buildRules = (
			);
			dependencies = (
				646E6C45234D680A001C9218 /* PBXTargetDependency */,
			);
			name = TippyTests;
			productName = TippyTests;
			productReference = 646E6C43234D680A001C9218 /* TippyTests.xctest */;
			productType = "com.apple.product-type.bundle.unit-test";
		};
		646E6C4D234D680A001C9218 /* TippyUITests */ = {
			isa = PBXNativeTarget;
			buildConfigurationList = 646E6C5D234D680B001C9218 /* Build configuration list for PBXNativeTarget "TippyUITests" */;
			buildPhases = (
				646E6C4A234D680A001C9218 /* Sources */,
				646E6C4B234D680A001C9218 /* Frameworks */,
				646E6C4C234D680A001C9218 /* Resources */,
			);
			buildRules = (
			);
			dependencies = (
				646E6C50234D680A001C9218 /* PBXTargetDependency */,
			);
			name = TippyUITests;
			productName = TippyUITests;
			productReference = 646E6C4E234D680A001C9218 /* TippyUITests.xctest */;
			productType = "com.apple.product-type.bundle.ui-testing";
		};
/* End PBXNativeTarget section */

/* Begin PBXProject section */
		646E6C25234D6809001C9218 /* Project object */ = {
			isa = PBXProject;
			attributes = {
				LastSwiftUpdateCheck = 1110;
				LastUpgradeCheck = 1110;
				ORGANIZATIONNAME = "Nimisha Budhwani";
				TargetAttributes = {
					646E6C2C234D6809001C9218 = {
						CreatedOnToolsVersion = 11.1;
					};
					646E6C42234D680A001C9218 = {
						CreatedOnToolsVersion = 11.1;
						TestTargetID = 646E6C2C234D6809001C9218;
					};
					646E6C4D234D680A001C9218 = {
						CreatedOnToolsVersion = 11.1;
						TestTargetID = 646E6C2C234D6809001C9218;
					};
				};
			};
			buildConfigurationList = 646E6C28234D6809001C9218 /* Build configuration list for PBXProject "Tippy" */;
			compatibilityVersion = "Xcode 9.3";
			developmentRegion = en;
			hasScannedForEncodings = 0;
			knownRegions = (
				en,
				Base,
			);
			mainGroup = 646E6C24234D6809001C9218;
			productRefGroup = 646E6C2E234D6809001C9218 /* Products */;
			projectDirPath = "";
			projectRoot = "";
			targets = (
				646E6C2C234D6809001C9218 /* Tippy */,
				646E6C42234D680A001C9218 /* TippyTests */,
				646E6C4D234D680A001C9218 /* TippyUITests */,
			);
		};
/* End PBXProject section */

/* Begin PBXResourcesBuildPhase section */
		646E6C2B234D6809001C9218 /* Resources */ = {
			isa = PBXResourcesBuildPhase;
			buildActionMask = 2147483647;
			files = (
				646E6C3D234D680A001C9218 /* LaunchScreen.storyboard in Resources */,
				646E6C3A234D680A001C9218 /* Assets.xcassets in Resources */,
				646E6C38234D6809001C9218 /* Main.storyboard in Resources */,
			);
			runOnlyForDeploymentPostprocessing = 0;
		};
		646E6C41234D680A001C9218 /* Resources */ = {
			isa = PBXResourcesBuildPhase;
			buildActionMask = 2147483647;
			files = (
			);
			runOnlyForDeploymentPostprocessing = 0;
		};
		646E6C4C234D680A001C9218 /* Resources */ = {
			isa = PBXResourcesBuildPhase;
			buildActionMask = 2147483647;
			files = (
			);
			runOnlyForDeploymentPostprocessing = 0;
		};
/* End PBXResourcesBuildPhase section */

/* Begin PBXSourcesBuildPhase section */
		646E6C29234D6809001C9218 /* Sources */ = {
			isa = PBXSourcesBuildPhase;
			buildActionMask = 2147483647;
			files = (
				646E6C35234D6809001C9218 /* ViewController.swift in Sources */,
				646E6C31234D6809001C9218 /* AppDelegate.swift in Sources */,
				646E6C33234D6809001C9218 /* SceneDelegate.swift in Sources */,
			);
			runOnlyForDeploymentPostprocessing = 0;
		};
		646E6C3F234D680A001C9218 /* Sources */ = {
			isa = PBXSourcesBuildPhase;
			buildActionMask = 2147483647;
			files = (
				646E6C48234D680A001C9218 /* TippyTests.swift in Sources */,
			);
			runOnlyForDeploymentPostprocessing = 0;
		};
		646E6C4A234D680A001C9218 /* Sources */ = {
			isa = PBXSourcesBuildPhase;
			buildActionMask = 2147483647;
			files = (
				646E6C53234D680B001C9218 /* TippyUITests.swift in Sources */,
			);
			runOnlyForDeploymentPostprocessing = 0;
		};
/* End PBXSourcesBuildPhase section */

/* Begin PBXTargetDependency section */
		646E6C45234D680A001C9218 /* PBXTargetDependency */ = {
			isa = PBXTargetDependency;
			target = 646E6C2C234D6809001C9218 /* Tippy */;
			targetProxy = 646E6C44234D680A001C9218 /* PBXContainerItemProxy */;
		};
		646E6C50234D680A001C9218 /* PBXTargetDependency */ = {
			isa = PBXTargetDependency;
			target = 646E6C2C234D6809001C9218 /* Tippy */;
			targetProxy = 646E6C4F234D680A001C9218 /* PBXContainerItemProxy */;
		};
/* End PBXTargetDependency section */

/* Begin PBXVariantGroup section */
		646E6C36234D6809001C9218 /* Main.storyboard */ = {
			isa = PBXVariantGroup;
			children = (
				646E6C37234D6809001C9218 /* Base */,
			);
			name = Main.storyboard;
			sourceTree = "<group>";
		};
		646E6C3B234D680A001C9218 /* LaunchScreen.storyboard */ = {
			isa = PBXVariantGroup;
			children = (
				646E6C3C234D680A001C9218 /* Base */,
			);
			name = LaunchScreen.storyboard;
			sourceTree = "<group>";
		};
/* End PBXVariantGroup section */

/* Begin XCBuildConfiguration section */
		646E6C55234D680B001C9218 /* Debug */ = {
			isa = XCBuildConfiguration;
			buildSettings = {
				ALWAYS_SEARCH_USER_PATHS = NO;
				CLANG_ANALYZER_NONNULL = YES;
				CLANG_ANALYZER_NUMBER_OBJECT_CONVERSION = YES_AGGRESSIVE;
				CLANG_CXX_LANGUAGE_STANDARD = "gnu++14";
				CLANG_CXX_LIBRARY = "libc++";
				CLANG_ENABLE_MODULES = YES;
				CLANG_ENABLE_OBJC_ARC = YES;
				CLANG_ENABLE_OBJC_WEAK = YES;
				CLANG_WARN_BLOCK_CAPTURE_AUTORELEASING = YES;
				CLANG_WARN_BOOL_CONVERSION = YES;
				CLANG_WARN_COMMA = YES;
				CLANG_WARN_CONSTANT_CONVERSION = YES;
				CLANG_WARN_DEPRECATED_OBJC_IMPLEMENTATIONS = YES;
				CLANG_WARN_DIRECT_OBJC_ISA_USAGE = YES_ERROR;
				CLANG_WARN_DOCUMENTATION_COMMENTS = YES;
				CLANG_WARN_EMPTY_BODY = YES;
				CLANG_WARN_ENUM_CONVERSION = YES;
				CLANG_WARN_INFINITE_RECURSION = YES;
				CLANG_WARN_INT_CONVERSION = YES;
				CLANG_WARN_NON_LITERAL_NULL_CONVERSION = YES;
				CLANG_WARN_OBJC_IMPLICIT_RETAIN_SELF = YES;
				CLANG_WARN_OBJC_LITERAL_CONVERSION = YES;
				CLANG_WARN_OBJC_ROOT_CLASS = YES_ERROR;
				CLANG_WARN_RANGE_LOOP_ANALYSIS = YES;
				CLANG_WARN_STRICT_PROTOTYPES = YES;
				CLANG_WARN_SUSPICIOUS_MOVE = YES;
				CLANG_WARN_UNGUARDED_AVAILABILITY = YES_AGGRESSIVE;
				CLANG_WARN_UNREACHABLE_CODE = YES;
				CLANG_WARN__DUPLICATE_METHOD_MATCH = YES;
				COPY_PHASE_STRIP = NO;
				DEBUG_INFORMATION_FORMAT = dwarf;
				ENABLE_STRICT_OBJC_MSGSEND = YES;
				ENABLE_TESTABILITY = YES;
				GCC_C_LANGUAGE_STANDARD = gnu11;
				GCC_DYNAMIC_NO_PIC = NO;
				GCC_NO_COMMON_BLOCKS = YES;
				GCC_OPTIMIZATION_LEVEL = 0;
				GCC_PREPROCESSOR_DEFINITIONS = (
					"DEBUG=1",
					"$(inherited)",
				);
				GCC_WARN_64_TO_32_BIT_CONVERSION = YES;
				GCC_WARN_ABOUT_RETURN_TYPE = YES_ERROR;
				GCC_WARN_UNDECLARED_SELECTOR = YES;
				GCC_WARN_UNINITIALIZED_AUTOS = YES_AGGRESSIVE;
				GCC_WARN_UNUSED_FUNCTION = YES;
				GCC_WARN_UNUSED_VARIABLE = YES;
				IPHONEOS_DEPLOYMENT_TARGET = 13.1;
				MTL_ENABLE_DEBUG_INFO = INCLUDE_SOURCE;
				MTL_FAST_MATH = YES;
				ONLY_ACTIVE_ARCH = YES;
				SDKROOT = iphoneos;
				SWIFT_ACTIVE_COMPILATION_CONDITIONS = DEBUG;
				SWIFT_OPTIMIZATION_LEVEL = "-Onone";
			};
			name = Debug;
		};
		646E6C56234D680B001C9218 /* Release */ = {
			isa = XCBuildConfiguration;
			buildSettings = {
				ALWAYS_SEARCH_USER_PATHS = NO;
				CLANG_ANALYZER_NONNULL = YES;
				CLANG_ANALYZER_NUMBER_OBJECT_CONVERSION = YES_AGGRESSIVE;
				CLANG_CXX_LANGUAGE_STANDARD = "gnu++14";
				CLANG_CXX_LIBRARY = "libc++";
				CLANG_ENABLE_MODULES = YES;
				CLANG_ENABLE_OBJC_ARC = YES;
				CLANG_ENABLE_OBJC_WEAK = YES;
				CLANG_WARN_BLOCK_CAPTURE_AUTORELEASING = YES;
				CLANG_WARN_BOOL_CONVERSION = YES;
				CLANG_WARN_COMMA = YES;
				CLANG_WARN_CONSTANT_CONVERSION = YES;
				CLANG_WARN_DEPRECATED_OBJC_IMPLEMENTATIONS = YES;
				CLANG_WARN_DIRECT_OBJC_ISA_USAGE = YES_ERROR;
				CLANG_WARN_DOCUMENTATION_COMMENTS = YES;
				CLANG_WARN_EMPTY_BODY = YES;
				CLANG_WARN_ENUM_CONVERSION = YES;
				CLANG_WARN_INFINITE_RECURSION = YES;
				CLANG_WARN_INT_CONVERSION = YES;
				CLANG_WARN_NON_LITERAL_NULL_CONVERSION = YES;
				CLANG_WARN_OBJC_IMPLICIT_RETAIN_SELF = YES;
				CLANG_WARN_OBJC_LITERAL_CONVERSION = YES;
				CLANG_WARN_OBJC_ROOT_CLASS = YES_ERROR;
				CLANG_WARN_RANGE_LOOP_ANALYSIS = YES;
				CLANG_WARN_STRICT_PROTOTYPES = YES;
				CLANG_WARN_SUSPICIOUS_MOVE = YES;
				CLANG_WARN_UNGUARDED_AVAILABILITY = YES_AGGRESSIVE;
				CLANG_WARN_UNREACHABLE_CODE = YES;
				CLANG_WARN__DUPLICATE_METHOD_MATCH = YES;
				COPY_PHASE_STRIP = NO;
				DEBUG_INFORMATION_FORMAT = "dwarf-with-dsym";
				ENABLE_NS_ASSERTIONS = NO;
				ENABLE_STRICT_OBJC_MSGSEND = YES;
				GCC_C_LANGUAGE_STANDARD = gnu11;
				GCC_NO_COMMON_BLOCKS = YES;
				GCC_WARN_64_TO_32_BIT_CONVERSION = YES;
				GCC_WARN_ABOUT_RETURN_TYPE = YES_ERROR;
				GCC_WARN_UNDECLARED_SELECTOR = YES;
				GCC_WARN_UNINITIALIZED_AUTOS = YES_AGGRESSIVE;
				GCC_WARN_UNUSED_FUNCTION = YES;
				GCC_WARN_UNUSED_VARIABLE = YES;
				IPHONEOS_DEPLOYMENT_TARGET = 13.1;
				MTL_ENABLE_DEBUG_INFO = NO;
				MTL_FAST_MATH = YES;
				SDKROOT = iphoneos;
				SWIFT_COMPILATION_MODE = wholemodule;
				SWIFT_OPTIMIZATION_LEVEL = "-O";
				VALIDATE_PRODUCT = YES;
			};
			name = Release;
		};
		646E6C58234D680B001C9218 /* Debug */ = {
			isa = XCBuildConfiguration;
			buildSettings = {
				ASSETCATALOG_COMPILER_APPICON_NAME = AppIcon;
				CODE_SIGN_STYLE = Automatic;
				INFOPLIST_FILE = Tippy/Info.plist;
				LD_RUNPATH_SEARCH_PATHS = (
					"$(inherited)",
					"@executable_path/Frameworks",
				);
				PRODUCT_BUNDLE_IDENTIFIER = codepath.Tippy;
				PRODUCT_NAME = "$(TARGET_NAME)";
				SWIFT_VERSION = 5.0;
				TARGETED_DEVICE_FAMILY = "1,2";
			};
			name = Debug;
		};
		646E6C59234D680B001C9218 /* Release */ = {
			isa = XCBuildConfiguration;
			buildSettings = {
				ASSETCATALOG_COMPILER_APPICON_NAME = AppIcon;
				CODE_SIGN_STYLE = Automatic;
				INFOPLIST_FILE = Tippy/Info.plist;
				LD_RUNPATH_SEARCH_PATHS = (
					"$(inherited)",
					"@executable_path/Frameworks",
				);
				PRODUCT_BUNDLE_IDENTIFIER = codepath.Tippy;
				PRODUCT_NAME = "$(TARGET_NAME)";
				SWIFT_VERSION = 5.0;
				TARGETED_DEVICE_FAMILY = "1,2";
			};
			name = Release;
		};
		646E6C5B234D680B001C9218 /* Debug */ = {
			isa = XCBuildConfiguration;
			buildSettings = {
				ALWAYS_EMBED_SWIFT_STANDARD_LIBRARIES = YES;
				BUNDLE_LOADER = "$(TEST_HOST)";
				CODE_SIGN_STYLE = Automatic;
				INFOPLIST_FILE = TippyTests/Info.plist;
				IPHONEOS_DEPLOYMENT_TARGET = 13.1;
				LD_RUNPATH_SEARCH_PATHS = (
					"$(inherited)",
					"@executable_path/Frameworks",
					"@loader_path/Frameworks",
				);
				PRODUCT_BUNDLE_IDENTIFIER = codepath.TippyTests;
				PRODUCT_NAME = "$(TARGET_NAME)";
				SWIFT_VERSION = 5.0;
				TARGETED_DEVICE_FAMILY = "1,2";
				TEST_HOST = "$(BUILT_PRODUCTS_DIR)/Tippy.app/Tippy";
			};
			name = Debug;
		};
		646E6C5C234D680B001C9218 /* Release */ = {
			isa = XCBuildConfiguration;
			buildSettings = {
				ALWAYS_EMBED_SWIFT_STANDARD_LIBRARIES = YES;
				BUNDLE_LOADER = "$(TEST_HOST)";
				CODE_SIGN_STYLE = Automatic;
				INFOPLIST_FILE = TippyTests/Info.plist;
				IPHONEOS_DEPLOYMENT_TARGET = 13.1;
				LD_RUNPATH_SEARCH_PATHS = (
					"$(inherited)",
					"@executable_path/Frameworks",
					"@loader_path/Frameworks",
				);
				PRODUCT_BUNDLE_IDENTIFIER = codepath.TippyTests;
				PRODUCT_NAME = "$(TARGET_NAME)";
				SWIFT_VERSION = 5.0;
				TARGETED_DEVICE_FAMILY = "1,2";
				TEST_HOST = "$(BUILT_PRODUCTS_DIR)/Tippy.app/Tippy";
			};
			name = Release;
		};
		646E6C5E234D680B001C9218 /* Debug */ = {
			isa = XCBuildConfiguration;
			buildSettings = {
				ALWAYS_EMBED_SWIFT_STANDARD_LIBRARIES = YES;
				CODE_SIGN_STYLE = Automatic;
				INFOPLIST_FILE = TippyUITests/Info.plist;
				LD_RUNPATH_SEARCH_PATHS = (
					"$(inherited)",
					"@executable_path/Frameworks",
					"@loader_path/Frameworks",
				);
				PRODUCT_BUNDLE_IDENTIFIER = codepath.TippyUITests;
				PRODUCT_NAME = "$(TARGET_NAME)";
				SWIFT_VERSION = 5.0;
				TARGETED_DEVICE_FAMILY = "1,2";
				TEST_TARGET_NAME = Tippy;
			};
			name = Debug;
		};
		646E6C5F234D680B001C9218 /* Release */ = {
			isa = XCBuildConfiguration;
			buildSettings = {
				ALWAYS_EMBED_SWIFT_STANDARD_LIBRARIES = YES;
				CODE_SIGN_STYLE = Automatic;
				INFOPLIST_FILE = TippyUITests/Info.plist;
				LD_RUNPATH_SEARCH_PATHS = (
					"$(inherited)",
					"@executable_path/Frameworks",
					"@loader_path/Frameworks",
				);
				PRODUCT_BUNDLE_IDENTIFIER = codepath.TippyUITests;
				PRODUCT_NAME = "$(TARGET_NAME)";
				SWIFT_VERSION = 5.0;
				TARGETED_DEVICE_FAMILY = "1,2";
				TEST_TARGET_NAME = Tippy;
			};
			name = Release;
		};
/* End XCBuildConfiguration section */

/* Begin XCConfigurationList section */
		646E6C28234D6809001C9218 /* Build configuration list for PBXProject "Tippy" */ = {
			isa = XCConfigurationList;
			buildConfigurations = (
				646E6C55234D680B001C9218 /* Debug */,
				646E6C56234D680B001C9218 /* Release */,
			);
			defaultConfigurationIsVisible = 0;
			defaultConfigurationName = Release;
		};
		646E6C57234D680B001C9218 /* Build configuration list for PBXNativeTarget "Tippy" */ = {
			isa = XCConfigurationList;
			buildConfigurations = (
				646E6C58234D680B001C9218 /* Debug */,
				646E6C59234D680B001C9218 /* Release */,
			);
			defaultConfigurationIsVisible = 0;
			defaultConfigurationName = Release;
		};
		646E6C5A234D680B001C9218 /* Build configuration list for PBXNativeTarget "TippyTests" */ = {
			isa = XCConfigurationList;
			buildConfigurations = (
				646E6C5B234D680B001C9218 /* Debug */,
				646E6C5C234D680B001C9218 /* Release */,
			);
			defaultConfigurationIsVisible = 0;
			defaultConfigurationName = Release;
		};
		646E6C5D234D680B001C9218 /* Build configuration list for PBXNativeTarget "TippyUITests" */ = {
			isa = XCConfigurationList;
			buildConfigurations = (
				646E6C5E234D680B001C9218 /* Debug */,
				646E6C5F234D680B001C9218 /* Release */,
			);
			defaultConfigurationIsVisible = 0;
			defaultConfigurationName = Release;
		};
/* End XCConfigurationList section */
	};
	rootObject = 646E6C25234D6809001C9218 /* Project object */;
}
